
Microsoft Visual Studio Solution File, Format Version 12.00
# Visual Studio Version 17
VisualStudioVersion = 17.3.32825.248
MinimumVisualStudioVersion = 10.0.40219.1
Project("{FAE04EC0-301F-11D3-BF4B-00C04F79EFBC}") = "prakticheskaya s metodami)))))))))))))))))", "prakticheskaya s metodami)))))))))))))))))\prakticheskaya s metodami))))))))))))))))).csproj", "{9FEC19EF-896B-4D08-86EA-98E09BC228EC}"
EndProject
Global
	GlobalSection(SolutionConfigurationPlatforms) = preSolution
		Debug|Any CPU = Debug|Any CPU
		Release|Any CPU = Release|Any CPU
	EndGlobalSection
	GlobalSection(ProjectConfigurationPlatforms) = postSolution
		{9FEC19EF-896B-4D08-86EA-98E09BC228EC}.Debug|Any CPU.ActiveCfg = Debug|Any CPU
		{9FEC19EF-896B-4D08-86EA-98E09BC228EC}.Debug|Any CPU.Build.0 = Debug|Any CPU
		{9FEC19EF-896B-4D08-86EA-98E09BC228EC}.Release|Any CPU.ActiveCfg = Release|Any CPU
		{9FEC19EF-896B-4D08-86EA-98E09BC228EC}.Release|Any CPU.Build.0 = Release|Any CPU
	EndGlobalSection
	GlobalSection(SolutionProperties) = preSolution
		HideSolutionNode = FALSE
	EndGlobalSection
	GlobalSection(ExtensibilityGlobals) = postSolution
		SolutionGuid = {7746E6F9-999D-47C6-8856-5DA62A5D7C13}
	EndGlobalSection
EndGlobal
